// !$*UTF8*$!
{
	archiveVersion = 1;
	classes = {
	};
	objectVersion = 46;
	objects = {

/* Begin PBXBuildFile section */
		16B72CADF55F28EE6B534574 /* Pods_MyFramework.framework in Frameworks */ = {isa = PBXBuildFile; fileRef = 9D4EAB0F3E3061B5C6894950 /* Pods_MyFramework.framework */; };
		6B06F24A1F26E2E600829F5C /* EventDetailViewController.swift in Sources */ = {isa = PBXBuildFile; fileRef = 6B06F2491F26E2E600829F5C /* EventDetailViewController.swift */; };
		6B06F24C1F26EC3000829F5C /* JSON_EventProcess.swift in Sources */ = {isa = PBXBuildFile; fileRef = 6B06F24B1F26EC3000829F5C /* JSON_EventProcess.swift */; };
		6B06F24E1F26EC5000829F5C /* JSON_Event.swift in Sources */ = {isa = PBXBuildFile; fileRef = 6B06F24D1F26EC5000829F5C /* JSON_Event.swift */; };
		6B06F2501F26ED1C00829F5C /* JSON_Process.swift in Sources */ = {isa = PBXBuildFile; fileRef = 6B06F24F1F26ED1C00829F5C /* JSON_Process.swift */; };
		6B06F2521F26EE3100829F5C /* JSON_Uid.swift in Sources */ = {isa = PBXBuildFile; fileRef = 6B06F2511F26EE3100829F5C /* JSON_Uid.swift */; };
		6B1BDE8F1EEBB2DA00B29DA8 /* AppDelegate.swift in Sources */ = {isa = PBXBuildFile; fileRef = 6B1BDE8E1EEBB2DA00B29DA8 /* AppDelegate.swift */; };
		6B1BDE961EEBB2DA00B29DA8 /* Assets.xcassets in Resources */ = {isa = PBXBuildFile; fileRef = 6B1BDE951EEBB2DA00B29DA8 /* Assets.xcassets */; };
		6B1BDE991EEBB2DA00B29DA8 /* LaunchScreen.storyboard in Resources */ = {isa = PBXBuildFile; fileRef = 6B1BDE971EEBB2DA00B29DA8 /* LaunchScreen.storyboard */; };
		6B1BDEA11EEBB64500B29DA8 /* MainViewController.swift in Sources */ = {isa = PBXBuildFile; fileRef = 6B1BDEA01EEBB64500B29DA8 /* MainViewController.swift */; };
		6B1BDEAB1EEBC52700B29DA8 /* JTTabbarView.swift in Sources */ = {isa = PBXBuildFile; fileRef = 6B1BDEAA1EEBC52700B29DA8 /* JTTabbarView.swift */; };
		6B1BDEAD1EEBC64100B29DA8 /* Common.swift in Sources */ = {isa = PBXBuildFile; fileRef = 6B1BDEAC1EEBC64100B29DA8 /* Common.swift */; };
		6B227C251F1EEC0500D180A1 /* Image.swift in Sources */ = {isa = PBXBuildFile; fileRef = 6B227C241F1EEC0500D180A1 /* Image.swift */; };
		6B227C2A1F20908300D180A1 /* EventReportViewController.swift in Sources */ = {isa = PBXBuildFile; fileRef = 6B227C291F20908300D180A1 /* EventReportViewController.swift */; };
		6B227C2C1F20B0DC00D180A1 /* EventOverViewViewController.swift in Sources */ = {isa = PBXBuildFile; fileRef = 6B227C2B1F20B0DC00D180A1 /* EventOverViewViewController.swift */; };
		6B227C2E1F20B23800D180A1 /* MyViewController.swift in Sources */ = {isa = PBXBuildFile; fileRef = 6B227C2D1F20B23800D180A1 /* MyViewController.swift */; };
		6B24B2091F4C237700FE1DB2 /* q.png in Resources */ = {isa = PBXBuildFile; fileRef = 6B24B2061F4C237700FE1DB2 /* q.png */; };
		6B24B20A1F4C237700FE1DB2 /* q@2x.png in Resources */ = {isa = PBXBuildFile; fileRef = 6B24B2071F4C237700FE1DB2 /* q@2x.png */; };
		6B24B20B1F4C237700FE1DB2 /* q@3x.png in Resources */ = {isa = PBXBuildFile; fileRef = 6B24B2081F4C237700FE1DB2 /* q@3x.png */; };
		6B2A58CC1F3046460071C275 /* JTSelectLocationViewController.swift in Sources */ = {isa = PBXBuildFile; fileRef = 6B2A58CB1F3046460071C275 /* JTSelectLocationViewController.swift */; };
		6B2A58CE1F31CD060071C275 /* MapServer.swift in Sources */ = {isa = PBXBuildFile; fileRef = 6B2A58CD1F31CD050071C275 /* MapServer.swift */; };
		6B2A58D01F31D1000071C275 /* JTShowLocationViewController.swift in Sources */ = {isa = PBXBuildFile; fileRef = 6B2A58CF1F31D1000071C275 /* JTShowLocationViewController.swift */; };
		6B2B08611F02337000B99B5C /* T_User.swift in Sources */ = {isa = PBXBuildFile; fileRef = 6B2B08601F02337000B99B5C /* T_User.swift */; };
		6B3076861F29D7E2007C5D30 /* EventDealSB.storyboard in Resources */ = {isa = PBXBuildFile; fileRef = 6B3076841F29D7E2007C5D30 /* EventDealSB.storyboard */; };
		6B3076871F29D7E2007C5D30 /* EventDealSBViewController.swift in Sources */ = {isa = PBXBuildFile; fileRef = 6B3076851F29D7E2007C5D30 /* EventDealSBViewController.swift */; };
		6B3AA7A81F4D7AD100EE5A22 /* test.storyboard in Resources */ = {isa = PBXBuildFile; fileRef = 6B3AA7A71F4D7AD100EE5A22 /* test.storyboard */; };
		6B55903E1EEE8894008149FD /* HomeViewController.swift in Sources */ = {isa = PBXBuildFile; fileRef = 6B55903D1EEE8894008149FD /* HomeViewController.swift */; };
		6B5590441EF12053008149FD /* Login.storyboard in Resources */ = {isa = PBXBuildFile; fileRef = 6B5590431EF12053008149FD /* Login.storyboard */; };
		6B5590461EF12078008149FD /* LoginViewController.swift in Sources */ = {isa = PBXBuildFile; fileRef = 6B5590451EF12078008149FD /* LoginViewController.swift */; };
		6B5AA4D51F0A333E0090D584 /* AssetsLibrary.framework in Frameworks */ = {isa = PBXBuildFile; fileRef = 6B5AA4D41F0A333E0090D584 /* AssetsLibrary.framework */; };
		6B5AA4D91F0A33560090D584 /* CoreGraphics.framework in Frameworks */ = {isa = PBXBuildFile; fileRef = 6B5AA4D61F0A33560090D584 /* CoreGraphics.framework */; };
		6B5AA4DA1F0A33560090D584 /* CoreLocation.framework in Frameworks */ = {isa = PBXBuildFile; fileRef = 6B5AA4D71F0A33560090D584 /* CoreLocation.framework */; };
		6B5AA4DB1F0A33560090D584 /* CoreText.framework in Frameworks */ = {isa = PBXBuildFile; fileRef = 6B5AA4D81F0A33560090D584 /* CoreText.framework */; };
		6B5AA4DD1F0A335C0090D584 /* Foundation.framework in Frameworks */ = {isa = PBXBuildFile; fileRef = 6B5AA4DC1F0A335C0090D584 /* Foundation.framework */; };
		6B5AA4DF1F0A33820090D584 /* QuartzCore.framework in Frameworks */ = {isa = PBXBuildFile; fileRef = 6B5AA4DE1F0A33820090D584 /* QuartzCore.framework */; };
		6B5AA4E11F0A338E0090D584 /* MediaPlayer.framework in Frameworks */ = {isa = PBXBuildFile; fileRef = 6B5AA4E01F0A338E0090D584 /* MediaPlayer.framework */; };
		6B5AA4E31F0A33EF0090D584 /* MobileCoreServices.framework in Frameworks */ = {isa = PBXBuildFile; fileRef = 6B5AA4E21F0A33EF0090D584 /* MobileCoreServices.framework */; };
		6B5AA4E51F0A33F70090D584 /* OpenGLES.framework in Frameworks */ = {isa = PBXBuildFile; fileRef = 6B5AA4E41F0A33F70090D584 /* OpenGLES.framework */; };
		6B5AA4E71F0A33FE0090D584 /* Security.framework in Frameworks */ = {isa = PBXBuildFile; fileRef = 6B5AA4E61F0A33FE0090D584 /* Security.framework */; };
		6B5AA4E91F0A34040090D584 /* UIKit.framework in Frameworks */ = {isa = PBXBuildFile; fileRef = 6B5AA4E81F0A34040090D584 /* UIKit.framework */; };
		6B6349481F3D50F500AD5696 /* JTAGSLocationDisplayDataSource.swift in Sources */ = {isa = PBXBuildFile; fileRef = 6B6349471F3D50F500AD5696 /* JTAGSLocationDisplayDataSource.swift */; };
		6B6349501F3D7BF700AD5696 /* Paths.swift in Sources */ = {isa = PBXBuildFile; fileRef = 6B63494F1F3D7BF700AD5696 /* Paths.swift */; };
		6B65CCA01F32FC7800459F9A /* ImagePreviewViewController.swift in Sources */ = {isa = PBXBuildFile; fileRef = 6B65CC9F1F32FC7800459F9A /* ImagePreviewViewController.swift */; };
		6B65CCA21F32FCF300459F9A /* ImagePreviewCollectionViewCell.swift in Sources */ = {isa = PBXBuildFile; fileRef = 6B65CCA11F32FCF300459F9A /* ImagePreviewCollectionViewCell.swift */; };
		6B65CCA41F332ADA00459F9A /* JTPresentAnimatedTransitioning.swift in Sources */ = {isa = PBXBuildFile; fileRef = 6B65CCA31F332AD900459F9A /* JTPresentAnimatedTransitioning.swift */; };
		6B65CCA61F3335F300459F9A /* JTDismissAnimatedTransitioning.swift in Sources */ = {isa = PBXBuildFile; fileRef = 6B65CCA51F3335F300459F9A /* JTDismissAnimatedTransitioning.swift */; };
		6B65CCAB1F340FB900459F9A /* JTNavigationControllerAnimatedTransitioning.swift in Sources */ = {isa = PBXBuildFile; fileRef = 6B65CCAA1F340FB900459F9A /* JTNavigationControllerAnimatedTransitioning.swift */; };
		6B6C62201F04DA83000FC91B /* LoginInfo.swift in Sources */ = {isa = PBXBuildFile; fileRef = 6B6C621F1F04DA83000FC91B /* LoginInfo.swift */; };
		6B6C62221F04EB38000FC91B /* RegistModel.swift in Sources */ = {isa = PBXBuildFile; fileRef = 6B6C62211F04EB38000FC91B /* RegistModel.swift */; };
		6B6F529E1F00E58500B09846 /* SystemInit.swift in Sources */ = {isa = PBXBuildFile; fileRef = 6B6F529D1F00E58500B09846 /* SystemInit.swift */; };
		6B6F52A11F00E69B00B09846 /* libsqlite3.0.tbd in Frameworks */ = {isa = PBXBuildFile; fileRef = 6B6F52A01F00E69B00B09846 /* libsqlite3.0.tbd */; };
		6B6F52A71F00ED3800B09846 /* SQLiteManager.swift in Sources */ = {isa = PBXBuildFile; fileRef = 6B6F52A61F00ED3800B09846 /* SQLiteManager.swift */; };
		6B6FBD031F1707A10045E6D8 /* JTLocationManager.swift in Sources */ = {isa = PBXBuildFile; fileRef = 6B6FBD021F1707A10045E6D8 /* JTLocationManager.swift */; };
		6B72E4071F0639340041EAD4 /* Validate.swift in Sources */ = {isa = PBXBuildFile; fileRef = 6B72E4061F0639340041EAD4 /* Validate.swift */; };
		6B7CBC471F386F73008403B3 /* JTViewControllerInteractiveTransition.swift in Sources */ = {isa = PBXBuildFile; fileRef = 6B7CBC461F386F73008403B3 /* JTViewControllerInteractiveTransition.swift */; };
		6B7CBC491F39AB8A008403B3 /* JTViewControllerInteractiveTransitionDelegate.swift in Sources */ = {isa = PBXBuildFile; fileRef = 6B7CBC481F39AB8A008403B3 /* JTViewControllerInteractiveTransitionDelegate.swift */; };
		6B93CECB1F0E3B3A004E0890 /* ArcGIS.bundle in Resources */ = {isa = PBXBuildFile; fileRef = 6B93CEC91F0E3B3A004E0890 /* ArcGIS.bundle */; };
		6B93CECC1F0E3B3A004E0890 /* iTile.db in Resources */ = {isa = PBXBuildFile; fileRef = 6B93CECA1F0E3B3A004E0890 /* iTile.db */; };
		6B93CECE1F0E3B44004E0890 /* SCGCFrameworkV30.framework in Frameworks */ = {isa = PBXBuildFile; fileRef = 6B93CECD1F0E3B44004E0890 /* SCGCFrameworkV30.framework */; };
		6B93CECF1F0E3B49004E0890 /* SCGCFrameworkV30.framework in Frameworks */ = {isa = PBXBuildFile; fileRef = 6B93CECD1F0E3B44004E0890 /* SCGCFrameworkV30.framework */; };
		6B93CED01F0E3B49004E0890 /* SCGCFrameworkV30.framework in Embed Frameworks */ = {isa = PBXBuildFile; fileRef = 6B93CECD1F0E3B44004E0890 /* SCGCFrameworkV30.framework */; settings = {ATTRIBUTES = (CodeSignOnCopy, RemoveHeadersOnCopy, ); }; };
		6B93CED41F0E427E004E0890 /* TaskSB.storyboard in Resources */ = {isa = PBXBuildFile; fileRef = 6B93CED31F0E427E004E0890 /* TaskSB.storyboard */; };
		6B93CED61F0E4384004E0890 /* TaskSBViewController.swift in Sources */ = {isa = PBXBuildFile; fileRef = 6B93CED51F0E4384004E0890 /* TaskSBViewController.swift */; };
		6B9585EF1F14A70A001A24A2 /* Config.swift in Sources */ = {isa = PBXBuildFile; fileRef = 6B9585EE1F14A70A001A24A2 /* Config.swift */; };
		6B9585F11F15C424001A24A2 /* TaskModel.swift in Sources */ = {isa = PBXBuildFile; fileRef = 6B9585F01F15C424001A24A2 /* TaskModel.swift */; };
		6BAAD82C1EFCA62800FFE413 /* Web.swift in Sources */ = {isa = PBXBuildFile; fileRef = 6BAAD82B1EFCA62800FFE413 /* Web.swift */; };
		6BAAD82E1EFCA75D00FFE413 /* Log.swift in Sources */ = {isa = PBXBuildFile; fileRef = 6BAAD82D1EFCA75D00FFE413 /* Log.swift */; };
		6BADDCC11F2712D9007F15A5 /* THJTableViewCell.swift in Sources */ = {isa = PBXBuildFile; fileRef = 6BADDCC01F2712D9007F15A5 /* THJTableViewCell.swift */; };
		6BB187361F21D83B00E14239 /* JSON_EventList.swift in Sources */ = {isa = PBXBuildFile; fileRef = 6BB187351F21D83B00E14239 /* JSON_EventList.swift */; };
		6BB823851EFBA32800468956 /* Regist.storyboard in Resources */ = {isa = PBXBuildFile; fileRef = 6BB823841EFBA32800468956 /* Regist.storyboard */; };
		6BB823871EFBA83800468956 /* RegistViewController.swift in Sources */ = {isa = PBXBuildFile; fileRef = 6BB823861EFBA83800468956 /* RegistViewController.swift */; };
		6BB823891EFBBEB500468956 /* Alert.swift in Sources */ = {isa = PBXBuildFile; fileRef = 6BB823881EFBBEB400468956 /* Alert.swift */; };
		6BCA085C1F1C51D0003FBA70 /* EventReportSB.storyboard in Resources */ = {isa = PBXBuildFile; fileRef = 6BCA085B1F1C51D0003FBA70 /* EventReportSB.storyboard */; };
		6BCA085E1F1C522D003FBA70 /* EventReportSBViewController.swift in Sources */ = {isa = PBXBuildFile; fileRef = 6BCA085D1F1C522D003FBA70 /* EventReportSBViewController.swift */; };
		6BCA08601F1C9608003FBA70 /* EventModel.swift in Sources */ = {isa = PBXBuildFile; fileRef = 6BCA085F1F1C9608003FBA70 /* EventModel.swift */; };
		6BDEB5FD1F37FE62008E0050 /* Setting.storyboard in Resources */ = {isa = PBXBuildFile; fileRef = 6BDEB5FC1F37FE62008E0050 /* Setting.storyboard */; };
		6BDEB5FF1F37FF59008E0050 /* SettingViewController.swift in Sources */ = {isa = PBXBuildFile; fileRef = 6BDEB5FE1F37FF59008E0050 /* SettingViewController.swift */; };
		6BDEB6011F380738008E0050 /* TxtHelper.swift in Sources */ = {isa = PBXBuildFile; fileRef = 6BDEB6001F380738008E0050 /* TxtHelper.swift */; };
		6BE3751E1F175B47007B95BF /* ShareData.swift in Sources */ = {isa = PBXBuildFile; fileRef = 6BE3751D1F175B47007B95BF /* ShareData.swift */; };
		6BE375211F176BF3007B95BF /* TCoordinate.swift in Sources */ = {isa = PBXBuildFile; fileRef = 6BE375201F176BF3007B95BF /* TCoordinate.swift */; };
		6BE97E961F2585CB00A979E5 /* EventTableViewCell.swift in Sources */ = {isa = PBXBuildFile; fileRef = 6BE97E951F2585CB00A979E5 /* EventTableViewCell.swift */; };
		6BF046EE1EF2296F006C362E /* TaskViewController.swift in Sources */ = {isa = PBXBuildFile; fileRef = 6BF046ED1EF2296F006C362E /* TaskViewController.swift */; };
		6BF046F91EF23128006C362E /* EventViewController.swift in Sources */ = {isa = PBXBuildFile; fileRef = 6BF046F81EF23128006C362E /* EventViewController.swift */; };
/* End PBXBuildFile section */

/* Begin PBXCopyFilesBuildPhase section */
		6B93CEC01F0DFAC6004E0890 /* Embed Frameworks */ = {
			isa = PBXCopyFilesBuildPhase;
			buildActionMask = 2147483647;
			dstPath = "";
			dstSubfolderSpec = 10;
			files = (
				6B93CED01F0E3B49004E0890 /* SCGCFrameworkV30.framework in Embed Frameworks */,
			);
			name = "Embed Frameworks";
			runOnlyForDeploymentPostprocessing = 0;
		};
/* End PBXCopyFilesBuildPhase section */

/* Begin PBXFileReference section */
		2E42EC388F80B4C31331D9FE /* Pods-MyFramework.debug.xcconfig */ = {isa = PBXFileReference; includeInIndex = 1; lastKnownFileType = text.xcconfig; name = "Pods-MyFramework.debug.xcconfig"; path = "Pods/Target Support Files/Pods-MyFramework/Pods-MyFramework.debug.xcconfig"; sourceTree = "<group>"; };
		6B06F2491F26E2E600829F5C /* EventDetailViewController.swift */ = {isa = PBXFileReference; fileEncoding = 4; lastKnownFileType = sourcecode.swift; path = EventDetailViewController.swift; sourceTree = "<group>"; };
		6B06F24B1F26EC3000829F5C /* JSON_EventProcess.swift */ = {isa = PBXFileReference; fileEncoding = 4; lastKnownFileType = sourcecode.swift; path = JSON_EventProcess.swift; sourceTree = "<group>"; };
		6B06F24D1F26EC5000829F5C /* JSON_Event.swift */ = {isa = PBXFileReference; fileEncoding = 4; lastKnownFileType = sourcecode.swift; path = JSON_Event.swift; sourceTree = "<group>"; };
		6B06F24F1F26ED1C00829F5C /* JSON_Process.swift */ = {isa = PBXFileReference; fileEncoding = 4; lastKnownFileType = sourcecode.swift; path = JSON_Process.swift; sourceTree = "<group>"; };
		6B06F2511F26EE3100829F5C /* JSON_Uid.swift */ = {isa = PBXFileReference; fileEncoding = 4; lastKnownFileType = sourcecode.swift; path = JSON_Uid.swift; sourceTree = "<group>"; };
		6B1BDE8B1EEBB2DA00B29DA8 /* MyFramework.app */ = {isa = PBXFileReference; explicitFileType = wrapper.application; includeInIndex = 0; path = MyFramework.app; sourceTree = BUILT_PRODUCTS_DIR; };
		6B1BDE8E1EEBB2DA00B29DA8 /* AppDelegate.swift */ = {isa = PBXFileReference; lastKnownFileType = sourcecode.swift; path = AppDelegate.swift; sourceTree = "<group>"; };
		6B1BDE951EEBB2DA00B29DA8 /* Assets.xcassets */ = {isa = PBXFileReference; lastKnownFileType = folder.assetcatalog; path = Assets.xcassets; sourceTree = "<group>"; };
		6B1BDE981EEBB2DA00B29DA8 /* Base */ = {isa = PBXFileReference; lastKnownFileType = file.storyboard; name = Base; path = Base.lproj/LaunchScreen.storyboard; sourceTree = "<group>"; };
		6B1BDE9A1EEBB2DA00B29DA8 /* Info.plist */ = {isa = PBXFileReference; lastKnownFileType = text.plist.xml; path = Info.plist; sourceTree = "<group>"; };
		6B1BDEA01EEBB64500B29DA8 /* MainViewController.swift */ = {isa = PBXFileReference; fileEncoding = 4; lastKnownFileType = sourcecode.swift; path = MainViewController.swift; sourceTree = "<group>"; };
		6B1BDEAA1EEBC52700B29DA8 /* JTTabbarView.swift */ = {isa = PBXFileReference; fileEncoding = 4; lastKnownFileType = sourcecode.swift; path = JTTabbarView.swift; sourceTree = "<group>"; };
		6B1BDEAC1EEBC64100B29DA8 /* Common.swift */ = {isa = PBXFileReference; fileEncoding = 4; lastKnownFileType = sourcecode.swift; path = Common.swift; sourceTree = "<group>"; };
		6B227C241F1EEC0500D180A1 /* Image.swift */ = {isa = PBXFileReference; fileEncoding = 4; lastKnownFileType = sourcecode.swift; path = Image.swift; sourceTree = "<group>"; };
		6B227C291F20908300D180A1 /* EventReportViewController.swift */ = {isa = PBXFileReference; fileEncoding = 4; lastKnownFileType = sourcecode.swift; path = EventReportViewController.swift; sourceTree = "<group>"; };
		6B227C2B1F20B0DC00D180A1 /* EventOverViewViewController.swift */ = {isa = PBXFileReference; fileEncoding = 4; lastKnownFileType = sourcecode.swift; path = EventOverViewViewController.swift; sourceTree = "<group>"; };
		6B227C2D1F20B23800D180A1 /* MyViewController.swift */ = {isa = PBXFileReference; fileEncoding = 4; lastKnownFileType = sourcecode.swift; path = MyViewController.swift; sourceTree = "<group>"; };
		6B24B2061F4C237700FE1DB2 /* q.png */ = {isa = PBXFileReference; lastKnownFileType = image.png; path = q.png; sourceTree = "<group>"; };
		6B24B2071F4C237700FE1DB2 /* q@2x.png */ = {isa = PBXFileReference; lastKnownFileType = image.png; path = "q@2x.png"; sourceTree = "<group>"; };
		6B24B2081F4C237700FE1DB2 /* q@3x.png */ = {isa = PBXFileReference; lastKnownFileType = image.png; path = "q@3x.png"; sourceTree = "<group>"; };
		6B2A58CB1F3046460071C275 /* JTSelectLocationViewController.swift */ = {isa = PBXFileReference; fileEncoding = 4; lastKnownFileType = sourcecode.swift; path = JTSelectLocationViewController.swift; sourceTree = "<group>"; };
		6B2A58CD1F31CD050071C275 /* MapServer.swift */ = {isa = PBXFileReference; fileEncoding = 4; lastKnownFileType = sourcecode.swift; path = MapServer.swift; sourceTree = "<group>"; };
		6B2A58CF1F31D1000071C275 /* JTShowLocationViewController.swift */ = {isa = PBXFileReference; fileEncoding = 4; lastKnownFileType = sourcecode.swift; path = JTShowLocationViewController.swift; sourceTree = "<group>"; };
		6B2B08601F02337000B99B5C /* T_User.swift */ = {isa = PBXFileReference; fileEncoding = 4; lastKnownFileType = sourcecode.swift; path = T_User.swift; sourceTree = "<group>"; };
		6B3076841F29D7E2007C5D30 /* EventDealSB.storyboard */ = {isa = PBXFileReference; fileEncoding = 4; lastKnownFileType = file.storyboard; path = EventDealSB.storyboard; sourceTree = "<group>"; };
		6B3076851F29D7E2007C5D30 /* EventDealSBViewController.swift */ = {isa = PBXFileReference; fileEncoding = 4; lastKnownFileType = sourcecode.swift; path = EventDealSBViewController.swift; sourceTree = "<group>"; };
		6B3AA7A71F4D7AD100EE5A22 /* test.storyboard */ = {isa = PBXFileReference; fileEncoding = 4; lastKnownFileType = file.storyboard; path = test.storyboard; sourceTree = "<group>"; };
		6B55903D1EEE8894008149FD /* HomeViewController.swift */ = {isa = PBXFileReference; fileEncoding = 4; lastKnownFileType = sourcecode.swift; path = HomeViewController.swift; sourceTree = "<group>"; };
		6B5590431EF12053008149FD /* Login.storyboard */ = {isa = PBXFileReference; fileEncoding = 4; lastKnownFileType = file.storyboard; path = Login.storyboard; sourceTree = "<group>"; };
		6B5590451EF12078008149FD /* LoginViewController.swift */ = {isa = PBXFileReference; fileEncoding = 4; lastKnownFileType = sourcecode.swift; path = LoginViewController.swift; sourceTree = "<group>"; };
		6B5AA4D41F0A333E0090D584 /* AssetsLibrary.framework */ = {isa = PBXFileReference; lastKnownFileType = wrapper.framework; name = AssetsLibrary.framework; path = System/Library/Frameworks/AssetsLibrary.framework; sourceTree = SDKROOT; };
		6B5AA4D61F0A33560090D584 /* CoreGraphics.framework */ = {isa = PBXFileReference; lastKnownFileType = wrapper.framework; name = CoreGraphics.framework; path = System/Library/Frameworks/CoreGraphics.framework; sourceTree = SDKROOT; };
		6B5AA4D71F0A33560090D584 /* CoreLocation.framework */ = {isa = PBXFileReference; lastKnownFileType = wrapper.framework; name = CoreLocation.framework; path = System/Library/Frameworks/CoreLocation.framework; sourceTree = SDKROOT; };
		6B5AA4D81F0A33560090D584 /* CoreText.framework */ = {isa = PBXFileReference; lastKnownFileType = wrapper.framework; name = CoreText.framework; path = System/Library/Frameworks/CoreText.framework; sourceTree = SDKROOT; };
		6B5AA4DC1F0A335C0090D584 /* Foundation.framework */ = {isa = PBXFileReference; lastKnownFileType = wrapper.framework; name = Foundation.framework; path = System/Library/Frameworks/Foundation.framework; sourceTree = SDKROOT; };
		6B5AA4DE1F0A33820090D584 /* QuartzCore.framework */ = {isa = PBXFileReference; lastKnownFileType = wrapper.framework; name = QuartzCore.framework; path = System/Library/Frameworks/QuartzCore.framework; sourceTree = SDKROOT; };
		6B5AA4E01F0A338E0090D584 /* MediaPlayer.framework */ = {isa = PBXFileReference; lastKnownFileType = wrapper.framework; name = MediaPlayer.framework; path = System/Library/Frameworks/MediaPlayer.framework; sourceTree = SDKROOT; };
		6B5AA4E21F0A33EF0090D584 /* MobileCoreServices.framework */ = {isa = PBXFileReference; lastKnownFileType = wrapper.framework; name = MobileCoreServices.framework; path = System/Library/Frameworks/MobileCoreServices.framework; sourceTree = SDKROOT; };
		6B5AA4E41F0A33F70090D584 /* OpenGLES.framework */ = {isa = PBXFileReference; lastKnownFileType = wrapper.framework; name = OpenGLES.framework; path = System/Library/Frameworks/OpenGLES.framework; sourceTree = SDKROOT; };
		6B5AA4E61F0A33FE0090D584 /* Security.framework */ = {isa = PBXFileReference; lastKnownFileType = wrapper.framework; name = Security.framework; path = System/Library/Frameworks/Security.framework; sourceTree = SDKROOT; };
		6B5AA4E81F0A34040090D584 /* UIKit.framework */ = {isa = PBXFileReference; lastKnownFileType = wrapper.framework; name = UIKit.framework; path = System/Library/Frameworks/UIKit.framework; sourceTree = SDKROOT; };
		6B6349471F3D50F500AD5696 /* JTAGSLocationDisplayDataSource.swift */ = {isa = PBXFileReference; fileEncoding = 4; lastKnownFileType = sourcecode.swift; path = JTAGSLocationDisplayDataSource.swift; sourceTree = "<group>"; };
		6B63494F1F3D7BF700AD5696 /* Paths.swift */ = {isa = PBXFileReference; fileEncoding = 4; lastKnownFileType = sourcecode.swift; path = Paths.swift; sourceTree = "<group>"; };
		6B65CC9F1F32FC7800459F9A /* ImagePreviewViewController.swift */ = {isa = PBXFileReference; fileEncoding = 4; lastKnownFileType = sourcecode.swift; path = ImagePreviewViewController.swift; sourceTree = "<group>"; };
		6B65CCA11F32FCF300459F9A /* ImagePreviewCollectionViewCell.swift */ = {isa = PBXFileReference; fileEncoding = 4; lastKnownFileType = sourcecode.swift; path = ImagePreviewCollectionViewCell.swift; sourceTree = "<group>"; };
		6B65CCA31F332AD900459F9A /* JTPresentAnimatedTransitioning.swift */ = {isa = PBXFileReference; fileEncoding = 4; lastKnownFileType = sourcecode.swift; path = JTPresentAnimatedTransitioning.swift; sourceTree = "<group>"; };
		6B65CCA51F3335F300459F9A /* JTDismissAnimatedTransitioning.swift */ = {isa = PBXFileReference; fileEncoding = 4; lastKnownFileType = sourcecode.swift; path = JTDismissAnimatedTransitioning.swift; sourceTree = "<group>"; };
		6B65CCAA1F340FB900459F9A /* JTNavigationControllerAnimatedTransitioning.swift */ = {isa = PBXFileReference; fileEncoding = 4; lastKnownFileType = sourcecode.swift; path = JTNavigationControllerAnimatedTransitioning.swift; sourceTree = "<group>"; };
		6B6C621F1F04DA83000FC91B /* LoginInfo.swift */ = {isa = PBXFileReference; fileEncoding = 4; lastKnownFileType = sourcecode.swift; path = LoginInfo.swift; sourceTree = "<group>"; };
		6B6C62211F04EB38000FC91B /* RegistModel.swift */ = {isa = PBXFileReference; fileEncoding = 4; lastKnownFileType = sourcecode.swift; path = RegistModel.swift; sourceTree = "<group>"; };
		6B6F529D1F00E58500B09846 /* SystemInit.swift */ = {isa = PBXFileReference; fileEncoding = 4; lastKnownFileType = sourcecode.swift; path = SystemInit.swift; sourceTree = "<group>"; };
		6B6F52A01F00E69B00B09846 /* libsqlite3.0.tbd */ = {isa = PBXFileReference; lastKnownFileType = "sourcecode.text-based-dylib-definition"; name = libsqlite3.0.tbd; path = usr/lib/libsqlite3.0.tbd; sourceTree = SDKROOT; };
		6B6F52A31F00EB9000B09846 /* MyFramework-Bridging-Header.h */ = {isa = PBXFileReference; lastKnownFileType = sourcecode.c.h; path = "MyFramework-Bridging-Header.h"; sourceTree = "<group>"; };
		6B6F52A61F00ED3800B09846 /* SQLiteManager.swift */ = {isa = PBXFileReference; fileEncoding = 4; lastKnownFileType = sourcecode.swift; path = SQLiteManager.swift; sourceTree = "<group>"; };
		6B6FBD021F1707A10045E6D8 /* JTLocationManager.swift */ = {isa = PBXFileReference; fileEncoding = 4; lastKnownFileType = sourcecode.swift; path = JTLocationManager.swift; sourceTree = "<group>"; };
		6B72E4061F0639340041EAD4 /* Validate.swift */ = {isa = PBXFileReference; fileEncoding = 4; lastKnownFileType = sourcecode.swift; path = Validate.swift; sourceTree = "<group>"; };
		6B7CBC461F386F73008403B3 /* JTViewControllerInteractiveTransition.swift */ = {isa = PBXFileReference; fileEncoding = 4; lastKnownFileType = sourcecode.swift; path = JTViewControllerInteractiveTransition.swift; sourceTree = "<group>"; };
		6B7CBC481F39AB8A008403B3 /* JTViewControllerInteractiveTransitionDelegate.swift */ = {isa = PBXFileReference; fileEncoding = 4; lastKnownFileType = sourcecode.swift; path = JTViewControllerInteractiveTransitionDelegate.swift; sourceTree = "<group>"; };
		6B93CEC91F0E3B3A004E0890 /* ArcGIS.bundle */ = {isa = PBXFileReference; lastKnownFileType = "wrapper.plug-in"; name = ArcGIS.bundle; path = SCGCFrameworkV30.framework/ArcGIS.bundle; sourceTree = "<group>"; };
		6B93CECA1F0E3B3A004E0890 /* iTile.db */ = {isa = PBXFileReference; lastKnownFileType = file; name = iTile.db; path = SCGCFrameworkV30.framework/iTile.db; sourceTree = "<group>"; };
		6B93CECD1F0E3B44004E0890 /* SCGCFrameworkV30.framework */ = {isa = PBXFileReference; lastKnownFileType = wrapper.framework; path = SCGCFrameworkV30.framework; sourceTree = "<group>"; };
		6B93CED31F0E427E004E0890 /* TaskSB.storyboard */ = {isa = PBXFileReference; fileEncoding = 4; lastKnownFileType = file.storyboard; path = TaskSB.storyboard; sourceTree = "<group>"; };
		6B93CED51F0E4384004E0890 /* TaskSBViewController.swift */ = {isa = PBXFileReference; fileEncoding = 4; lastKnownFileType = sourcecode.swift; path = TaskSBViewController.swift; sourceTree = "<group>"; };
		6B9585EE1F14A70A001A24A2 /* Config.swift */ = {isa = PBXFileReference; fileEncoding = 4; lastKnownFileType = sourcecode.swift; path = Config.swift; sourceTree = "<group>"; };
		6B9585F01F15C424001A24A2 /* TaskModel.swift */ = {isa = PBXFileReference; fileEncoding = 4; lastKnownFileType = sourcecode.swift; path = TaskModel.swift; sourceTree = "<group>"; };
		6BAAD82B1EFCA62800FFE413 /* Web.swift */ = {isa = PBXFileReference; fileEncoding = 4; lastKnownFileType = sourcecode.swift; path = Web.swift; sourceTree = "<group>"; };
		6BAAD82D1EFCA75D00FFE413 /* Log.swift */ = {isa = PBXFileReference; fileEncoding = 4; lastKnownFileType = sourcecode.swift; path = Log.swift; sourceTree = "<group>"; };
		6BADDCC01F2712D9007F15A5 /* THJTableViewCell.swift */ = {isa = PBXFileReference; fileEncoding = 4; lastKnownFileType = sourcecode.swift; path = THJTableViewCell.swift; sourceTree = "<group>"; };
		6BB187351F21D83B00E14239 /* JSON_EventList.swift */ = {isa = PBXFileReference; fileEncoding = 4; lastKnownFileType = sourcecode.swift; path = JSON_EventList.swift; sourceTree = "<group>"; };
		6BB823841EFBA32800468956 /* Regist.storyboard */ = {isa = PBXFileReference; fileEncoding = 4; lastKnownFileType = file.storyboard; path = Regist.storyboard; sourceTree = "<group>"; };
		6BB823861EFBA83800468956 /* RegistViewController.swift */ = {isa = PBXFileReference; fileEncoding = 4; lastKnownFileType = sourcecode.swift; path = RegistViewController.swift; sourceTree = "<group>"; };
		6BB823881EFBBEB400468956 /* Alert.swift */ = {isa = PBXFileReference; fileEncoding = 4; lastKnownFileType = sourcecode.swift; path = Alert.swift; sourceTree = "<group>"; };
		6BCA085B1F1C51D0003FBA70 /* EventReportSB.storyboard */ = {isa = PBXFileReference; fileEncoding = 4; lastKnownFileType = file.storyboard; path = EventReportSB.storyboard; sourceTree = "<group>"; };
		6BCA085D1F1C522D003FBA70 /* EventReportSBViewController.swift */ = {isa = PBXFileReference; fileEncoding = 4; lastKnownFileType = sourcecode.swift; path = EventReportSBViewController.swift; sourceTree = "<group>"; };
		6BCA085F1F1C9608003FBA70 /* EventModel.swift */ = {isa = PBXFileReference; fileEncoding = 4; lastKnownFileType = sourcecode.swift; path = EventModel.swift; sourceTree = "<group>"; };
		6BDEB5FC1F37FE62008E0050 /* Setting.storyboard */ = {isa = PBXFileReference; fileEncoding = 4; lastKnownFileType = file.storyboard; path = Setting.storyboard; sourceTree = "<group>"; };
		6BDEB5FE1F37FF59008E0050 /* SettingViewController.swift */ = {isa = PBXFileReference; fileEncoding = 4; lastKnownFileType = sourcecode.swift; path = SettingViewController.swift; sourceTree = "<group>"; };
		6BDEB6001F380738008E0050 /* TxtHelper.swift */ = {isa = PBXFileReference; fileEncoding = 4; lastKnownFileType = sourcecode.swift; path = TxtHelper.swift; sourceTree = "<group>"; };
		6BE3751D1F175B47007B95BF /* ShareData.swift */ = {isa = PBXFileReference; fileEncoding = 4; lastKnownFileType = sourcecode.swift; path = ShareData.swift; sourceTree = "<group>"; };
		6BE375201F176BF3007B95BF /* TCoordinate.swift */ = {isa = PBXFileReference; fileEncoding = 4; lastKnownFileType = sourcecode.swift; path = TCoordinate.swift; sourceTree = "<group>"; };
		6BE97E951F2585CB00A979E5 /* EventTableViewCell.swift */ = {isa = PBXFileReference; fileEncoding = 4; lastKnownFileType = sourcecode.swift; path = EventTableViewCell.swift; sourceTree = "<group>"; };
		6BF046ED1EF2296F006C362E /* TaskViewController.swift */ = {isa = PBXFileReference; fileEncoding = 4; lastKnownFileType = sourcecode.swift; path = TaskViewController.swift; sourceTree = "<group>"; };
		6BF046F81EF23128006C362E /* EventViewController.swift */ = {isa = PBXFileReference; fileEncoding = 4; lastKnownFileType = sourcecode.swift; path = EventViewController.swift; sourceTree = "<group>"; };
		8AE3FC78BECFC501704B1361 /* Pods-MyFramework.release.xcconfig */ = {isa = PBXFileReference; includeInIndex = 1; lastKnownFileType = text.xcconfig; name = "Pods-MyFramework.release.xcconfig"; path = "Pods/Target Support Files/Pods-MyFramework/Pods-MyFramework.release.xcconfig"; sourceTree = "<group>"; };
		9D4EAB0F3E3061B5C6894950 /* Pods_MyFramework.framework */ = {isa = PBXFileReference; explicitFileType = wrapper.framework; includeInIndex = 0; path = Pods_MyFramework.framework; sourceTree = BUILT_PRODUCTS_DIR; };
/* End PBXFileReference section */

/* Begin PBXFrameworksBuildPhase section */
		6B1BDE881EEBB2DA00B29DA8 /* Frameworks */ = {
			isa = PBXFrameworksBuildPhase;
			buildActionMask = 2147483647;
			files = (
				6B5AA4E91F0A34040090D584 /* UIKit.framework in Frameworks */,
				6B5AA4E71F0A33FE0090D584 /* Security.framework in Frameworks */,
				6B5AA4E51F0A33F70090D584 /* OpenGLES.framework in Frameworks */,
				6B5AA4E31F0A33EF0090D584 /* MobileCoreServices.framework in Frameworks */,
				6B5AA4E11F0A338E0090D584 /* MediaPlayer.framework in Frameworks */,
				6B5AA4DF1F0A33820090D584 /* QuartzCore.framework in Frameworks */,
				6B5AA4DD1F0A335C0090D584 /* Foundation.framework in Frameworks */,
				6B5AA4D91F0A33560090D584 /* CoreGraphics.framework in Frameworks */,
				6B5AA4DA1F0A33560090D584 /* CoreLocation.framework in Frameworks */,
				6B5AA4DB1F0A33560090D584 /* CoreText.framework in Frameworks */,
				6B5AA4D51F0A333E0090D584 /* AssetsLibrary.framework in Frameworks */,
				6B93CECF1F0E3B49004E0890 /* SCGCFrameworkV30.framework in Frameworks */,
				6B93CECE1F0E3B44004E0890 /* SCGCFrameworkV30.framework in Frameworks */,
				6B6F52A11F00E69B00B09846 /* libsqlite3.0.tbd in Frameworks */,
				16B72CADF55F28EE6B534574 /* Pods_MyFramework.framework in Frameworks */,
			);
			runOnlyForDeploymentPostprocessing = 0;
		};
/* End PBXFrameworksBuildPhase section */

/* Begin PBXGroup section */
		01F4CA444F2D26E4E45FA9A8 /* Pods */ = {
			isa = PBXGroup;
			children = (
				2E42EC388F80B4C31331D9FE /* Pods-MyFramework.debug.xcconfig */,
				8AE3FC78BECFC501704B1361 /* Pods-MyFramework.release.xcconfig */,
			);
			name = Pods;
			sourceTree = "<group>";
		};
		6B1BDE821EEBB2DA00B29DA8 = {
			isa = PBXGroup;
			children = (
				6B93CEC91F0E3B3A004E0890 /* ArcGIS.bundle */,
				6B93CECA1F0E3B3A004E0890 /* iTile.db */,
				6B1BDE8D1EEBB2DA00B29DA8 /* MyFramework */,
				6B1BDE8C1EEBB2DA00B29DA8 /* Products */,
				6B6F529F1F00E69B00B09846 /* Frameworks */,
				01F4CA444F2D26E4E45FA9A8 /* Pods */,
			);
			sourceTree = "<group>";
		};
		6B1BDE8C1EEBB2DA00B29DA8 /* Products */ = {
			isa = PBXGroup;
			children = (
				6B1BDE8B1EEBB2DA00B29DA8 /* MyFramework.app */,
			);
			name = Products;
			sourceTree = "<group>";
		};
		6B1BDE8D1EEBB2DA00B29DA8 /* MyFramework */ = {
			isa = PBXGroup;
			children = (
				6BF046F31EF23024006C362E /* Login */,
				6B2B085F1F02335C00B99B5C /* Model */,
				6BF046F01EF22FBB006C362E /* Controller */,
				6BF046F11EF22FF2006C362E /* Common */,
				6BF046EF1EF22EA6006C362E /* SupportingFiles */,
			);
			path = MyFramework;
			sourceTree = "<group>";
		};
		6B227C281F20903500D180A1 /* Report */ = {
			isa = PBXGroup;
			children = (
				6BCA085B1F1C51D0003FBA70 /* EventReportSB.storyboard */,
				6BCA085D1F1C522D003FBA70 /* EventReportSBViewController.swift */,
				6B227C291F20908300D180A1 /* EventReportViewController.swift */,
			);
			name = Report;
			sourceTree = "<group>";
		};
		6B2B085F1F02335C00B99B5C /* Model */ = {
			isa = PBXGroup;
			children = (
				6B2B08601F02337000B99B5C /* T_User.swift */,
				6B6C62211F04EB38000FC91B /* RegistModel.swift */,
				6B9585F01F15C424001A24A2 /* TaskModel.swift */,
				6BE375201F176BF3007B95BF /* TCoordinate.swift */,
				6BCA085F1F1C9608003FBA70 /* EventModel.swift */,
				6BB187351F21D83B00E14239 /* JSON_EventList.swift */,
				6B06F24B1F26EC3000829F5C /* JSON_EventProcess.swift */,
				6B06F24D1F26EC5000829F5C /* JSON_Event.swift */,
				6B06F24F1F26ED1C00829F5C /* JSON_Process.swift */,
				6B06F2511F26EE3100829F5C /* JSON_Uid.swift */,
			);
			name = Model;
			sourceTree = "<group>";
		};
		6B3076831F29D78D007C5D30 /* Deal */ = {
			isa = PBXGroup;
			children = (
				6B3076841F29D7E2007C5D30 /* EventDealSB.storyboard */,
				6B3076851F29D7E2007C5D30 /* EventDealSBViewController.swift */,
			);
			name = Deal;
			sourceTree = "<group>";
		};
		6B6349491F3D76E700AD5696 /* JT */ = {
			isa = PBXGroup;
			children = (
				6B63494E1F3D7BE200AD5696 /* Core */,
				6B63494D1F3D776A00AD5696 /* UI */,
				6B63494C1F3D772000AD5696 /* Location */,
				6B63494B1F3D770000AD5696 /* InteractiveTransition */,
				6B63494A1F3D76F500AD5696 /* Animate */,
			);
			name = JT;
			sourceTree = "<group>";
		};
		6B63494A1F3D76F500AD5696 /* Animate */ = {
			isa = PBXGroup;
			children = (
				6B65CCA31F332AD900459F9A /* JTPresentAnimatedTransitioning.swift */,
				6B65CCA51F3335F300459F9A /* JTDismissAnimatedTransitioning.swift */,
				6B65CCAA1F340FB900459F9A /* JTNavigationControllerAnimatedTransitioning.swift */,
			);
			name = Animate;
			sourceTree = "<group>";
		};
		6B63494B1F3D770000AD5696 /* InteractiveTransition */ = {
			isa = PBXGroup;
			children = (
				6B7CBC461F386F73008403B3 /* JTViewControllerInteractiveTransition.swift */,
				6B7CBC481F39AB8A008403B3 /* JTViewControllerInteractiveTransitionDelegate.swift */,
			);
			name = InteractiveTransition;
			sourceTree = "<group>";
		};
		6B63494C1F3D772000AD5696 /* Location */ = {
			isa = PBXGroup;
			children = (
				6B6FBD021F1707A10045E6D8 /* JTLocationManager.swift */,
				6B6349471F3D50F500AD5696 /* JTAGSLocationDisplayDataSource.swift */,
			);
			name = Location;
			sourceTree = "<group>";
		};
		6B63494D1F3D776A00AD5696 /* UI */ = {
			isa = PBXGroup;
			children = (
				6B2A58CB1F3046460071C275 /* JTSelectLocationViewController.swift */,
				6B2A58CF1F31D1000071C275 /* JTShowLocationViewController.swift */,
				6B1BDEAA1EEBC52700B29DA8 /* JTTabbarView.swift */,
			);
			name = UI;
			sourceTree = "<group>";
		};
		6B63494E1F3D7BE200AD5696 /* Core */ = {
			isa = PBXGroup;
			children = (
				6B63494F1F3D7BF700AD5696 /* Paths.swift */,
			);
			name = Core;
			sourceTree = "<group>";
		};
		6B65CC9E1F32FC4B00459F9A /* ImagePreview */ = {
			isa = PBXGroup;
			children = (
				6B65CC9F1F32FC7800459F9A /* ImagePreviewViewController.swift */,
				6B65CCA11F32FCF300459F9A /* ImagePreviewCollectionViewCell.swift */,
			);
			name = ImagePreview;
			sourceTree = "<group>";
		};
		6B6F529F1F00E69B00B09846 /* Frameworks */ = {
			isa = PBXGroup;
			children = (
				6B93CECD1F0E3B44004E0890 /* SCGCFrameworkV30.framework */,
				6B5AA4E81F0A34040090D584 /* UIKit.framework */,
				6B5AA4E61F0A33FE0090D584 /* Security.framework */,
				6B5AA4E41F0A33F70090D584 /* OpenGLES.framework */,
				6B5AA4E21F0A33EF0090D584 /* MobileCoreServices.framework */,
				6B5AA4E01F0A338E0090D584 /* MediaPlayer.framework */,
				6B5AA4DE1F0A33820090D584 /* QuartzCore.framework */,
				6B5AA4DC1F0A335C0090D584 /* Foundation.framework */,
				6B5AA4D61F0A33560090D584 /* CoreGraphics.framework */,
				6B5AA4D71F0A33560090D584 /* CoreLocation.framework */,
				6B5AA4D81F0A33560090D584 /* CoreText.framework */,
				6B5AA4D41F0A333E0090D584 /* AssetsLibrary.framework */,
				6B6F52A01F00E69B00B09846 /* libsqlite3.0.tbd */,
				9D4EAB0F3E3061B5C6894950 /* Pods_MyFramework.framework */,
			);
			name = Frameworks;
			sourceTree = "<group>";
		};
		6B8B761F1F26D6A1006A9F05 /* Main */ = {
			isa = PBXGroup;
			children = (
				6B227C2B1F20B0DC00D180A1 /* EventOverViewViewController.swift */,
				6BE97E951F2585CB00A979E5 /* EventTableViewCell.swift */,
			);
			name = Main;
			sourceTree = "<group>";
		};
		6B8B76201F26D6B1006A9F05 /* Detail */ = {
			isa = PBXGroup;
			children = (
				6B06F2491F26E2E600829F5C /* EventDetailViewController.swift */,
				6BADDCC01F2712D9007F15A5 /* THJTableViewCell.swift */,
			);
			name = Detail;
			sourceTree = "<group>";
		};
		6BF046EF1EF22EA6006C362E /* SupportingFiles */ = {
			isa = PBXGroup;
			children = (
				6B24B2061F4C237700FE1DB2 /* q.png */,
				6B24B2071F4C237700FE1DB2 /* q@2x.png */,
				6B24B2081F4C237700FE1DB2 /* q@3x.png */,
				6B1BDE971EEBB2DA00B29DA8 /* LaunchScreen.storyboard */,
				6B1BDE8E1EEBB2DA00B29DA8 /* AppDelegate.swift */,
				6B1BDE951EEBB2DA00B29DA8 /* Assets.xcassets */,
				6B1BDE9A1EEBB2DA00B29DA8 /* Info.plist */,
				6B6F52A31F00EB9000B09846 /* MyFramework-Bridging-Header.h */,
				6B6C621F1F04DA83000FC91B /* LoginInfo.swift */,
				6B3AA7A71F4D7AD100EE5A22 /* test.storyboard */,
			);
			name = SupportingFiles;
			sourceTree = "<group>";
		};
		6BF046F01EF22FBB006C362E /* Controller */ = {
			isa = PBXGroup;
			children = (
				6BF046F41EF2302E006C362E /* Main */,
				6BF046F51EF2303A006C362E /* Task */,
				6BF046F61EF2304C006C362E /* Event */,
				6BF046F71EF23062006C362E /* Home */,
			);
			name = Controller;
			sourceTree = "<group>";
		};
		6BF046F11EF22FF2006C362E /* Common */ = {
			isa = PBXGroup;
			children = (
				6B6349491F3D76E700AD5696 /* JT */,
				6B65CC9E1F32FC4B00459F9A /* ImagePreview */,
				6B227C241F1EEC0500D180A1 /* Image.swift */,
				6B1BDEAC1EEBC64100B29DA8 /* Common.swift */,
				6BB823881EFBBEB400468956 /* Alert.swift */,
				6BAAD82B1EFCA62800FFE413 /* Web.swift */,
				6BAAD82D1EFCA75D00FFE413 /* Log.swift */,
				6B6F529D1F00E58500B09846 /* SystemInit.swift */,
				6B6F52A61F00ED3800B09846 /* SQLiteManager.swift */,
				6B72E4061F0639340041EAD4 /* Validate.swift */,
				6B9585EE1F14A70A001A24A2 /* Config.swift */,
				6BE3751D1F175B47007B95BF /* ShareData.swift */,
				6B2A58CD1F31CD050071C275 /* MapServer.swift */,
				6BDEB6001F380738008E0050 /* TxtHelper.swift */,
			);
			name = Common;
			sourceTree = "<group>";
		};
		6BF046F31EF23024006C362E /* Login */ = {
			isa = PBXGroup;
			children = (
				6B5590431EF12053008149FD /* Login.storyboard */,
				6B5590451EF12078008149FD /* LoginViewController.swift */,
				6BB823841EFBA32800468956 /* Regist.storyboard */,
				6BB823861EFBA83800468956 /* RegistViewController.swift */,
				6BDEB5FC1F37FE62008E0050 /* Setting.storyboard */,
				6BDEB5FE1F37FF59008E0050 /* SettingViewController.swift */,
			);
			name = Login;
			sourceTree = "<group>";
		};
		6BF046F41EF2302E006C362E /* Main */ = {
			isa = PBXGroup;
			children = (
				6B1BDEA01EEBB64500B29DA8 /* MainViewController.swift */,
			);
			name = Main;
			sourceTree = "<group>";
		};
		6BF046F51EF2303A006C362E /* Task */ = {
			isa = PBXGroup;
			children = (
				6BF046ED1EF2296F006C362E /* TaskViewController.swift */,
				6B93CED31F0E427E004E0890 /* TaskSB.storyboard */,
				6B93CED51F0E4384004E0890 /* TaskSBViewController.swift */,
			);
			name = Task;
			sourceTree = "<group>";
		};
		6BF046F61EF2304C006C362E /* Event */ = {
			isa = PBXGroup;
			children = (
				6BF046F81EF23128006C362E /* EventViewController.swift */,
				6B8B761F1F26D6A1006A9F05 /* Main */,
				6B227C281F20903500D180A1 /* Report */,
				6B8B76201F26D6B1006A9F05 /* Detail */,
				6B3076831F29D78D007C5D30 /* Deal */,
			);
			name = Event;
			sourceTree = "<group>";
		};
		6BF046F71EF23062006C362E /* Home */ = {
			isa = PBXGroup;
			children = (
				6B55903D1EEE8894008149FD /* HomeViewController.swift */,
				6B227C2D1F20B23800D180A1 /* MyViewController.swift */,
			);
			name = Home;
			sourceTree = "<group>";
		};
/* End PBXGroup section */

/* Begin PBXNativeTarget section */
		6B1BDE8A1EEBB2DA00B29DA8 /* MyFramework */ = {
			isa = PBXNativeTarget;
			buildConfigurationList = 6B1BDE9D1EEBB2DA00B29DA8 /* Build configuration list for PBXNativeTarget "MyFramework" */;
			buildPhases = (
				979DC43F59A9A8DC943AED43 /* [CP] Check Pods Manifest.lock */,
				6B1BDE871EEBB2DA00B29DA8 /* Sources */,
				6B1BDE881EEBB2DA00B29DA8 /* Frameworks */,
				6B1BDE891EEBB2DA00B29DA8 /* Resources */,
				381DB0746A3E69B520E7D829 /* [CP] Embed Pods Frameworks */,
				6B93CEC01F0DFAC6004E0890 /* Embed Frameworks */,
				E7AAE6FEBA7A71894A4CF166 /* [CP] Copy Pods Resources */,
			);
			buildRules = (
			);
			dependencies = (
			);
			name = MyFramework;
			productName = MyFramework;
			productReference = 6B1BDE8B1EEBB2DA00B29DA8 /* MyFramework.app */;
			productType = "com.apple.product-type.application";
		};
/* End PBXNativeTarget section */

/* Begin PBXProject section */
		6B1BDE831EEBB2DA00B29DA8 /* Project object */ = {
			isa = PBXProject;
			attributes = {
				LastSwiftUpdateCheck = 0830;
				LastUpgradeCheck = 0830;
				ORGANIZATIONNAME = JT;
				TargetAttributes = {
					6B1BDE8A1EEBB2DA00B29DA8 = {
						CreatedOnToolsVersion = 8.3.2;
						DevelopmentTeam = KQ9784KU73;
						LastSwiftMigration = 0830;
						ProvisioningStyle = Automatic;
						SystemCapabilities = {
							com.apple.BackgroundModes = {
								enabled = 1;
							};
							com.apple.Maps.iOS = {
								enabled = 0;
							};
						};
					};
				};
			};
			buildConfigurationList = 6B1BDE861EEBB2DA00B29DA8 /* Build configuration list for PBXProject "MyFramework" */;
			compatibilityVersion = "Xcode 3.2";
			developmentRegion = English;
			hasScannedForEncodings = 0;
			knownRegions = (
				en,
				Base,
			);
			mainGroup = 6B1BDE821EEBB2DA00B29DA8;
			productRefGroup = 6B1BDE8C1EEBB2DA00B29DA8 /* Products */;
			projectDirPath = "";
			projectRoot = "";
			targets = (
				6B1BDE8A1EEBB2DA00B29DA8 /* MyFramework */,
			);
		};
/* End PBXProject section */

/* Begin PBXResourcesBuildPhase section */
		6B1BDE891EEBB2DA00B29DA8 /* Resources */ = {
			isa = PBXResourcesBuildPhase;
			buildActionMask = 2147483647;
			files = (
				6B24B2091F4C237700FE1DB2 /* q.png in Resources */,
				6B3076861F29D7E2007C5D30 /* EventDealSB.storyboard in Resources */,
				6B93CED41F0E427E004E0890 /* TaskSB.storyboard in Resources */,
				6B93CECB1F0E3B3A004E0890 /* ArcGIS.bundle in Resources */,
				6B5590441EF12053008149FD /* Login.storyboard in Resources */,
				6B24B20A1F4C237700FE1DB2 /* q@2x.png in Resources */,
				6B3AA7A81F4D7AD100EE5A22 /* test.storyboard in Resources */,
				6BB823851EFBA32800468956 /* Regist.storyboard in Resources */,
				6BCA085C1F1C51D0003FBA70 /* EventReportSB.storyboard in Resources */,
				6B93CECC1F0E3B3A004E0890 /* iTile.db in Resources */,
				6B1BDE991EEBB2DA00B29DA8 /* LaunchScreen.storyboard in Resources */,
				6B24B20B1F4C237700FE1DB2 /* q@3x.png in Resources */,
				6B1BDE961EEBB2DA00B29DA8 /* Assets.xcassets in Resources */,
				6BDEB5FD1F37FE62008E0050 /* Setting.storyboard in Resources */,
			);
			runOnlyForDeploymentPostprocessing = 0;
		};
/* End PBXResourcesBuildPhase section */

/* Begin PBXShellScriptBuildPhase section */
		381DB0746A3E69B520E7D829 /* [CP] Embed Pods Frameworks */ = {
			isa = PBXShellScriptBuildPhase;
			buildActionMask = 2147483647;
			files = (
			);
			inputPaths = (
			);
			name = "[CP] Embed Pods Frameworks";
			outputPaths = (
			);
			runOnlyForDeploymentPostprocessing = 0;
			shellPath = /bin/sh;
			shellScript = "\"${SRCROOT}/Pods/Target Support Files/Pods-MyFramework/Pods-MyFramework-frameworks.sh\"\n";
			showEnvVarsInLog = 0;
		};
		979DC43F59A9A8DC943AED43 /* [CP] Check Pods Manifest.lock */ = {
			isa = PBXShellScriptBuildPhase;
			buildActionMask = 2147483647;
			files = (
			);
			inputPaths = (
			);
			name = "[CP] Check Pods Manifest.lock";
			outputPaths = (
			);
			runOnlyForDeploymentPostprocessing = 0;
			shellPath = /bin/sh;
			shellScript = "diff \"${PODS_PODFILE_DIR_PATH}/Podfile.lock\" \"${PODS_ROOT}/Manifest.lock\" > /dev/null\nif [ $? != 0 ] ; then\n    # print error to STDERR\n    echo \"error: The sandbox is not in sync with the Podfile.lock. Run 'pod install' or update your CocoaPods installation.\" >&2\n    exit 1\nfi\n";
			showEnvVarsInLog = 0;
		};
		E7AAE6FEBA7A71894A4CF166 /* [CP] Copy Pods Resources */ = {
			isa = PBXShellScriptBuildPhase;
			buildActionMask = 2147483647;
			files = (
			);
			inputPaths = (
			);
			name = "[CP] Copy Pods Resources";
			outputPaths = (
			);
			runOnlyForDeploymentPostprocessing = 0;
			shellPath = /bin/sh;
			shellScript = "\"${SRCROOT}/Pods/Target Support Files/Pods-MyFramework/Pods-MyFramework-resources.sh\"\n";
			showEnvVarsInLog = 0;
		};
/* End PBXShellScriptBuildPhase section */

/* Begin PBXSourcesBuildPhase section */
		6B1BDE871EEBB2DA00B29DA8 /* Sources */ = {
			isa = PBXSourcesBuildPhase;
			buildActionMask = 2147483647;
			files = (
				6BB823871EFBA83800468956 /* RegistViewController.swift in Sources */,
				6B06F2501F26ED1C00829F5C /* JSON_Process.swift in Sources */,
				6B65CCA61F3335F300459F9A /* JTDismissAnimatedTransitioning.swift in Sources */,
				6B6FBD031F1707A10045E6D8 /* JTLocationManager.swift in Sources */,
				6B2A58CE1F31CD060071C275 /* MapServer.swift in Sources */,
				6B2A58CC1F3046460071C275 /* JTSelectLocationViewController.swift in Sources */,
				6B7CBC491F39AB8A008403B3 /* JTViewControllerInteractiveTransitionDelegate.swift in Sources */,
				6B65CCA41F332ADA00459F9A /* JTPresentAnimatedTransitioning.swift in Sources */,
				6B5590461EF12078008149FD /* LoginViewController.swift in Sources */,
				6BAAD82E1EFCA75D00FFE413 /* Log.swift in Sources */,
				6B9585F11F15C424001A24A2 /* TaskModel.swift in Sources */,
				6B2B08611F02337000B99B5C /* T_User.swift in Sources */,
				6BB187361F21D83B00E14239 /* JSON_EventList.swift in Sources */,
				6B6349481F3D50F500AD5696 /* JTAGSLocationDisplayDataSource.swift in Sources */,
				6B3076871F29D7E2007C5D30 /* EventDealSBViewController.swift in Sources */,
				6BF046EE1EF2296F006C362E /* TaskViewController.swift in Sources */,
				6B65CCAB1F340FB900459F9A /* JTNavigationControllerAnimatedTransitioning.swift in Sources */,
				6B72E4071F0639340041EAD4 /* Validate.swift in Sources */,
				6B1BDEAD1EEBC64100B29DA8 /* Common.swift in Sources */,
				6B6C62201F04DA83000FC91B /* LoginInfo.swift in Sources */,
				6BE97E961F2585CB00A979E5 /* EventTableViewCell.swift in Sources */,
				6B1BDEAB1EEBC52700B29DA8 /* JTTabbarView.swift in Sources */,
				6B65CCA21F32FCF300459F9A /* ImagePreviewCollectionViewCell.swift in Sources */,
				6BAAD82C1EFCA62800FFE413 /* Web.swift in Sources */,
				6BE375211F176BF3007B95BF /* TCoordinate.swift in Sources */,
				6BCA085E1F1C522D003FBA70 /* EventReportSBViewController.swift in Sources */,
				6B1BDE8F1EEBB2DA00B29DA8 /* AppDelegate.swift in Sources */,
				6BF046F91EF23128006C362E /* EventViewController.swift in Sources */,
				6B2A58D01F31D1000071C275 /* JTShowLocationViewController.swift in Sources */,
				6B6F529E1F00E58500B09846 /* SystemInit.swift in Sources */,
				6BB823891EFBBEB500468956 /* Alert.swift in Sources */,
				6B06F24C1F26EC3000829F5C /* JSON_EventProcess.swift in Sources */,
				6BCA08601F1C9608003FBA70 /* EventModel.swift in Sources */,
				6BDEB6011F380738008E0050 /* TxtHelper.swift in Sources */,
				6B6F52A71F00ED3800B09846 /* SQLiteManager.swift in Sources */,
				6B227C2E1F20B23800D180A1 /* MyViewController.swift in Sources */,
				6BDEB5FF1F37FF59008E0050 /* SettingViewController.swift in Sources */,
				6B227C2A1F20908300D180A1 /* EventReportViewController.swift in Sources */,
				6B55903E1EEE8894008149FD /* HomeViewController.swift in Sources */,
				6B9585EF1F14A70A001A24A2 /* Config.swift in Sources */,
				6B1BDEA11EEBB64500B29DA8 /* MainViewController.swift in Sources */,
				6B06F2521F26EE3100829F5C /* JSON_Uid.swift in Sources */,
				6B227C251F1EEC0500D180A1 /* Image.swift in Sources */,
				6B06F24E1F26EC5000829F5C /* JSON_Event.swift in Sources */,
				6B227C2C1F20B0DC00D180A1 /* EventOverViewViewController.swift in Sources */,
				6B93CED61F0E4384004E0890 /* TaskSBViewController.swift in Sources */,
				6B7CBC471F386F73008403B3 /* JTViewControllerInteractiveTransition.swift in Sources */,
				6B6349501F3D7BF700AD5696 /* Paths.swift in Sources */,
				6B6C62221F04EB38000FC91B /* RegistModel.swift in Sources */,
				6B06F24A1F26E2E600829F5C /* EventDetailViewController.swift in Sources */,
				6BE3751E1F175B47007B95BF /* ShareData.swift in Sources */,
				6B65CCA01F32FC7800459F9A /* ImagePreviewViewController.swift in Sources */,
				6BADDCC11F2712D9007F15A5 /* THJTableViewCell.swift in Sources */,
			);
			runOnlyForDeploymentPostprocessing = 0;
		};
/* End PBXSourcesBuildPhase section */

/* Begin PBXVariantGroup section */
		6B1BDE971EEBB2DA00B29DA8 /* LaunchScreen.storyboard */ = {
			isa = PBXVariantGroup;
			children = (
				6B1BDE981EEBB2DA00B29DA8 /* Base */,
			);
			name = LaunchScreen.storyboard;
			sourceTree = "<group>";
		};
/* End PBXVariantGroup section */

/* Begin XCBuildConfiguration section */
		6B1BDE9B1EEBB2DA00B29DA8 /* Debug */ = {
			isa = XCBuildConfiguration;
			buildSettings = {
				ALWAYS_SEARCH_USER_PATHS = NO;
				CLANG_ANALYZER_NONNULL = YES;
				CLANG_ANALYZER_NUMBER_OBJECT_CONVERSION = YES_AGGRESSIVE;
				CLANG_CXX_LANGUAGE_STANDARD = "gnu++0x";
				CLANG_CXX_LIBRARY = "libc++";
				CLANG_ENABLE_MODULES = YES;
				CLANG_ENABLE_OBJC_ARC = YES;
				CLANG_WARN_BOOL_CONVERSION = YES;
				CLANG_WARN_CONSTANT_CONVERSION = YES;
				CLANG_WARN_DIRECT_OBJC_ISA_USAGE = YES_ERROR;
				CLANG_WARN_DOCUMENTATION_COMMENTS = YES;
				CLANG_WARN_EMPTY_BODY = YES;
				CLANG_WARN_ENUM_CONVERSION = YES;
				CLANG_WARN_INFINITE_RECURSION = YES;
				CLANG_WARN_INT_CONVERSION = YES;
				CLANG_WARN_OBJC_ROOT_CLASS = YES_ERROR;
				CLANG_WARN_SUSPICIOUS_MOVE = YES;
				CLANG_WARN_UNREACHABLE_CODE = YES;
				CLANG_WARN__DUPLICATE_METHOD_MATCH = YES;
				"CODE_SIGN_IDENTITY[sdk=iphoneos*]" = "iPhone Developer";
				COPY_PHASE_STRIP = NO;
				DEBUG_INFORMATION_FORMAT = dwarf;
				ENABLE_STRICT_OBJC_MSGSEND = YES;
				ENABLE_TESTABILITY = YES;
				GCC_C_LANGUAGE_STANDARD = gnu99;
				GCC_DYNAMIC_NO_PIC = NO;
				GCC_NO_COMMON_BLOCKS = YES;
				GCC_OPTIMIZATION_LEVEL = 0;
				GCC_PREPROCESSOR_DEFINITIONS = (
					"DEBUG=1",
					"$(inherited)",
				);
				GCC_WARN_64_TO_32_BIT_CONVERSION = YES;
				GCC_WARN_ABOUT_RETURN_TYPE = YES_ERROR;
				GCC_WARN_UNDECLARED_SELECTOR = YES;
				GCC_WARN_UNINITIALIZED_AUTOS = YES_AGGRESSIVE;
				GCC_WARN_UNUSED_FUNCTION = YES;
				GCC_WARN_UNUSED_VARIABLE = YES;
				IPHONEOS_DEPLOYMENT_TARGET = 10.3;
				MTL_ENABLE_DEBUG_INFO = YES;
				ONLY_ACTIVE_ARCH = YES;
				SDKROOT = iphoneos;
				SWIFT_ACTIVE_COMPILATION_CONDITIONS = DEBUG;
				SWIFT_OPTIMIZATION_LEVEL = "-Onone";
				TARGETED_DEVICE_FAMILY = "1,2";
			};
			name = Debug;
		};
		6B1BDE9C1EEBB2DA00B29DA8 /* Release */ = {
			isa = XCBuildConfiguration;
			buildSettings = {
				ALWAYS_SEARCH_USER_PATHS = NO;
				CLANG_ANALYZER_NONNULL = YES;
				CLANG_ANALYZER_NUMBER_OBJECT_CONVERSION = YES_AGGRESSIVE;
				CLANG_CXX_LANGUAGE_STANDARD = "gnu++0x";
				CLANG_CXX_LIBRARY = "libc++";
				CLANG_ENABLE_MODULES = YES;
				CLANG_ENABLE_OBJC_ARC = YES;
				CLANG_WARN_BOOL_CONVERSION = YES;
				CLANG_WARN_CONSTANT_CONVERSION = YES;
				CLANG_WARN_DIRECT_OBJC_ISA_USAGE = YES_ERROR;
				CLANG_WARN_DOCUMENTATION_COMMENTS = YES;
				CLANG_WARN_EMPTY_BODY = YES;
				CLANG_WARN_ENUM_CONVERSION = YES;
				CLANG_WARN_INFINITE_RECURSION = YES;
				CLANG_WARN_INT_CONVERSION = YES;
				CLANG_WARN_OBJC_ROOT_CLASS = YES_ERROR;
				CLANG_WARN_SUSPICIOUS_MOVE = YES;
				CLANG_WARN_UNREACHABLE_CODE = YES;
				CLANG_WARN__DUPLICATE_METHOD_MATCH = YES;
				"CODE_SIGN_IDENTITY[sdk=iphoneos*]" = "iPhone Developer";
				COPY_PHASE_STRIP = NO;
				DEBUG_INFORMATION_FORMAT = "dwarf-with-dsym";
				ENABLE_NS_ASSERTIONS = NO;
				ENABLE_STRICT_OBJC_MSGSEND = YES;
				GCC_C_LANGUAGE_STANDARD = gnu99;
				GCC_NO_COMMON_BLOCKS = YES;
				GCC_WARN_64_TO_32_BIT_CONVERSION = YES;
				GCC_WARN_ABOUT_RETURN_TYPE = YES_ERROR;
				GCC_WARN_UNDECLARED_SELECTOR = YES;
				GCC_WARN_UNINITIALIZED_AUTOS = YES_AGGRESSIVE;
				GCC_WARN_UNUSED_FUNCTION = YES;
				GCC_WARN_UNUSED_VARIABLE = YES;
				IPHONEOS_DEPLOYMENT_TARGET = 10.3;
				MTL_ENABLE_DEBUG_INFO = NO;
				SDKROOT = iphoneos;
				SWIFT_OPTIMIZATION_LEVEL = "-Owholemodule";
				TARGETED_DEVICE_FAMILY = "1,2";
				VALIDATE_PRODUCT = YES;
			};
			name = Release;
		};
		6B1BDE9E1EEBB2DA00B29DA8 /* Debug */ = {
			isa = XCBuildConfiguration;
			baseConfigurationReference = 2E42EC388F80B4C31331D9FE /* Pods-MyFramework.debug.xcconfig */;
			buildSettings = {
				ASSETCATALOG_COMPILER_APPICON_NAME = AppIcon;
				CLANG_ENABLE_MODULES = YES;
				CODE_SIGN_IDENTITY = "iPhone Developer";
				"CODE_SIGN_IDENTITY[sdk=iphoneos*]" = "iPhone Developer";
				DEVELOPMENT_TEAM = KQ9784KU73;
				ENABLE_BITCODE = NO;
				FRAMEWORK_SEARCH_PATHS = (
					"$(inherited)",
					"$(PROJECT_DIR)",
					"$(HOME)/Library/SDKs/ArcGIS/iOS/",
					"$(LOCAL_LIBRARY_DIR)/SDKs/ArcGIS/iOS/Frameworks/Dynamic",
					"$(LOCAL_LIBRARY_DIR)/SDKs/ArcGIS/iOS/Frameworks/Static",
				);
				INFOPLIST_FILE = MyFramework/Info.plist;
				IPHONEOS_DEPLOYMENT_TARGET = 8.0;
				LD_RUNPATH_SEARCH_PATHS = "$(inherited) @executable_path/Frameworks";
				OTHER_LDFLAGS = (
					"$(inherited)",
					"-framework",
					"\"SwiftyJSON\"",
					"-ObjC",
					"-l",
					"c++",
				);
				OTHER_SWIFT_FLAGS = "";
				PRODUCT_BUNDLE_IDENTIFIER = com.SCTZ.MyFramework;
				PRODUCT_NAME = "$(TARGET_NAME)";
				SWIFT_OBJC_BRIDGING_HEADER = "MyFramework/MyFramework-Bridging-Header.h";
				SWIFT_OPTIMIZATION_LEVEL = "-Onone";
				SWIFT_VERSION = 3.0;
				TARGETED_DEVICE_FAMILY = 1;
			};
			name = Debug;
		};
		6B1BDE9F1EEBB2DA00B29DA8 /* Release */ = {
			isa = XCBuildConfiguration;
			baseConfigurationReference = 8AE3FC78BECFC501704B1361 /* Pods-MyFramework.release.xcconfig */;
			buildSettings = {
				ASSETCATALOG_COMPILER_APPICON_NAME = AppIcon;
				CLANG_ENABLE_MODULES = YES;
				CODE_SIGN_IDENTITY = "iPhone Developer";
				DEVELOPMENT_TEAM = KQ9784KU73;
				ENABLE_BITCODE = NO;
				FRAMEWORK_SEARCH_PATHS = (
					"$(inherited)",
					"$(PROJECT_DIR)",
					"$(HOME)/Library/SDKs/ArcGIS/iOS/",
					"$(LOCAL_LIBRARY_DIR)/SDKs/ArcGIS/iOS/Frameworks/Dynamic",
					"$(LOCAL_LIBRARY_DIR)/SDKs/ArcGIS/iOS/Frameworks/Static",
				);
				INFOPLIST_FILE = MyFramework/Info.plist;
				IPHONEOS_DEPLOYMENT_TARGET = 8.0;
				LD_RUNPATH_SEARCH_PATHS = "$(inherited) @executable_path/Frameworks";
				OTHER_LDFLAGS = (
					"$(inherited)",
					"-framework",
					"\"SwiftyJSON\"",
					"-ObjC",
					"-l",
					"c++",
				);
				OTHER_SWIFT_FLAGS = "";
				PRODUCT_BUNDLE_IDENTIFIER = com.SCTZ.MyFramework;
				PRODUCT_NAME = "$(TARGET_NAME)";
				SWIFT_OBJC_BRIDGING_HEADER = "MyFramework/MyFramework-Bridging-Header.h";
				SWIFT_OPTIMIZATION_LEVEL = "-Onone";
				SWIFT_VERSION = 3.0;
				TARGETED_DEVICE_FAMILY = 1;
			};
			name = Release;
		};
/* End XCBuildConfiguration section */

/* Begin XCConfigurationList section */
		6B1BDE861EEBB2DA00B29DA8 /* Build configuration list for PBXProject "MyFramework" */ = {
			isa = XCConfigurationList;
			buildConfigurations = (
				6B1BDE9B1EEBB2DA00B29DA8 /* Debug */,
				6B1BDE9C1EEBB2DA00B29DA8 /* Release */,
			);
			defaultConfigurationIsVisible = 0;
			defaultConfigurationName = Release;
		};
		6B1BDE9D1EEBB2DA00B29DA8 /* Build configuration list for PBXNativeTarget "MyFramework" */ = {
			isa = XCConfigurationList;
			buildConfigurations = (
				6B1BDE9E1EEBB2DA00B29DA8 /* Debug */,
				6B1BDE9F1EEBB2DA00B29DA8 /* Release */,
			);
			defaultConfigurationIsVisible = 0;
			defaultConfigurationName = Release;
		};
/* End XCConfigurationList section */
	};
	rootObject = 6B1BDE831EEBB2DA00B29DA8 /* Project object */;
}
